
Microsoft Visual Studio Solution File, Format Version 12.00
# Visual Studio 2012
Project("{FAE04EC0-301F-11D3-BF4B-00C04F79EFBC}") = "MySQL-Entity", "MySQL-Entity\MySQL-Entity.csproj", "{27121A33-1C5F-486B-AB96-01F6BC7120EE}"
EndProject
Global
	GlobalSection(SolutionConfigurationPlatforms) = preSolution
		Debug|Any CPU = Debug|Any CPU
		Release|Any CPU = Release|Any CPU
	EndGlobalSection
	GlobalSection(ProjectConfigurationPlatforms) = postSolution
		{27121A33-1C5F-486B-AB96-01F6BC7120EE}.Debug|Any CPU.ActiveCfg = Debug|Any CPU
		{27121A33-1C5F-486B-AB96-01F6BC7120EE}.Debug|Any CPU.Build.0 = Debug|Any CPU
		{27121A33-1C5F-486B-AB96-01F6BC7120EE}.Release|Any CPU.ActiveCfg = Release|Any CPU
		{27121A33-1C5F-486B-AB96-01F6BC7120EE}.Release|Any CPU.Build.0 = Release|Any CPU
	EndGlobalSection
	GlobalSection(SolutionProperties) = preSolution
		HideSolutionNode = FALSE
	EndGlobalSection
EndGlobal
